
Microsoft Visual Studio Solution File, Format Version 12.00
# Visual Studio Version 16
VisualStudioVersion = 16.0.30309.148
MinimumVisualStudioVersion = 10.0.40219.1
Project("{FAE04EC0-301F-11D3-BF4B-00C04F79EFBC}") = "cd4-api", "cd4-api\cd4-api.csproj", "{27790ABA-17EE-43F1-816E-187D5051E24B}"
EndProject
Global
	GlobalSection(SolutionConfigurationPlatforms) = preSolution
		Debug|Any CPU = Debug|Any CPU
		Release|Any CPU = Release|Any CPU
	EndGlobalSection
	GlobalSection(ProjectConfigurationPlatforms) = postSolution
		{27790ABA-17EE-43F1-816E-187D5051E24B}.Debug|Any CPU.ActiveCfg = Debug|Any CPU
		{27790ABA-17EE-43F1-816E-187D5051E24B}.Debug|Any CPU.Build.0 = Debug|Any CPU
		{27790ABA-17EE-43F1-816E-187D5051E24B}.Release|Any CPU.ActiveCfg = Release|Any CPU
		{27790ABA-17EE-43F1-816E-187D5051E24B}.Release|Any CPU.Build.0 = Release|Any CPU
	EndGlobalSection
	GlobalSection(SolutionProperties) = preSolution
		HideSolutionNode = FALSE
	EndGlobalSection
	GlobalSection(ExtensibilityGlobals) = postSolution
		SolutionGuid = {65D38110-2878-4B0B-A599-C437BF774BD7}
	EndGlobalSection
EndGlobal
